<?xml version="1.0" encoding="utf-8"?>
<Project ToolsVersion="4.0" xmlns="http://schemas.microsoft.com/developer/msbuild/2003">
  <ItemGroup>
    <ClCompile Include="Commands\P4AddCommand.cpp">
      <Filter>Commands</Filter>
    </ClCompile>
    <ClCompile Include="Commands\P4Command.cpp">
      <Filter>Commands</Filter>
    </ClCompile>
    <ClCompile Include="Commands\P4EditCommand.cpp">
      <Filter>Commands</Filter>
    </ClCompile>
    <ClCompile Include="Commands\P4InfoCommand.cpp">
      <Filter>Commands</Filter>
    </ClCompile>
    <ClCompile Include="Commands\P4OpenedCommand.cpp">
      <Filter>Commands</Filter>
    </ClCompile>
    <ClCompile Include="Commands\P4RevertChangesCommand.cpp">
      <Filter>Commands</Filter>
    </ClCompile>
    <ClCompile Include="Commands\P4StatusCommand.cpp">
      <Filter>Commands</Filter>
    </ClCompile>
    <ClCompile Include="Commands\P4SyncCommand.cpp">
      <Filter>Commands</Filter>
    </ClCompile>
    <ClCompile Include="P4Task.cpp">
      <Filter>Task</Filter>
    </ClCompile>
    <ClCompile Include="Utils\PathUtil.cpp">
      <Filter>Utils</Filter>
    </ClCompile>
    <ClCompile Include="Utils\StringUtil.cpp">
      <Filter>Utils</Filter>
    </ClCompile>
    <ClCompile Include="Commands\P4LockCommand.cpp">
      <Filter>Commands</Filter>
    </ClCompile>
    <ClCompile Include="Commands\P4UnlockCommand.cpp">
      <Filter>Commands</Filter>
    </ClCompile>
    <ClCompile Include="Commands\P4ChangesCommand.cpp">
      <Filter>Commands</Filter>
    </ClCompile>
    <ClCompile Include="Commands\P4ClientCommand.cpp">
      <Filter>Commands</Filter>
    </ClCompile>
    <ClCompile Include="Commands\P4ClientUpdateCommand.cpp">
      <Filter>Commands</Filter>
    </ClCompile>
    <ClCompile Include="Commands\P4DepotCommand.cpp">
      <Filter>Commands</Filter>
    </ClCompile>
    <ClCompile Include="Commands\P4ChangeUpdateCommand.cpp">
      <Filter>Commands</Filter>
    </ClCompile>
    <ClCompile Include="Commands\P4NewChangelistCommand.cpp">
      <Filter>Commands</Filter>
    </ClCompile>
    <ClCompile Include="Commands\P4ChangelistCommand.cpp">
      <Filter>Commands</Filter>
    </ClCompile>
    <ClCompile Include="Commands\P4DeleteChangelistCommand.cpp">
      <Filter>Commands</Filter>
    </ClCompile>
    <ClCompile Include="Commands\P4LoginCommand.cpp">
      <Filter>Commands</Filter>
    </ClCompile>
  </ItemGroup>
  <ItemGroup>
    <ClInclude Include="Commands\P4SyncCommand.hpp">
      <Filter>Commands</Filter>
    </ClInclude>
    <ClInclude Include="Commands\P4AddCommand.hpp">
      <Filter>Commands</Filter>
    </ClInclude>
    <ClInclude Include="Commands\P4Command.hpp">
      <Filter>Commands</Filter>
    </ClInclude>
    <ClInclude Include="Commands\P4EditCommand.hpp">
      <Filter>Commands</Filter>
    </ClInclude>
    <ClInclude Include="Commands\P4InfoCommand.hpp">
      <Filter>Commands</Filter>
    </ClInclude>
    <ClInclude Include="Commands\P4OpenedCommand.hpp">
      <Filter>Commands</Filter>
    </ClInclude>
    <ClInclude Include="Commands\P4RevertChangesCommand.hpp">
      <Filter>Commands</Filter>
    </ClInclude>
    <ClInclude Include="Commands\P4StatusCommand.hpp">
      <Filter>Commands</Filter>
    </ClInclude>
    <ClInclude Include="P4Task.hpp">
      <Filter>Task</Filter>
    </ClInclude>
    <ClInclude Include="Utils\PathUtil.hpp">
      <Filter>Utils</Filter>
    </ClInclude>
    <ClInclude Include="Utils\StringUtil.hpp">
      <Filter>Utils</Filter>
    </ClInclude>
    <ClInclude Include="Commands\P4LockCommand.hpp">
      <Filter>Commands</Filter>
    </ClInclude>
    <ClInclude Include="Commands\P4UnlockCommand.hpp">
      <Filter>Commands</Filter>
    </ClInclude>
    <ClInclude Include="Commands\P4ChangesCommand.hpp">
      <Filter>Commands</Filter>
    </ClInclude>
    <ClInclude Include="Commands\P4ClientCommand.hpp">
      <Filter>Commands</Filter>
    </ClInclude>
    <ClInclude Include="Commands\P4ClientUpdateCommand.hpp">
      <Filter>Commands</Filter>
    </ClInclude>
    <ClInclude Include="Commands\P4Client.hpp">
      <Filter>Commands</Filter>
    </ClInclude>
    <ClInclude Include="Commands\P4DepotCommand.hpp">
      <Filter>Commands</Filter>
    </ClInclude>
    <ClInclude Include="Commands\P4Depot.hpp">
      <Filter>Commands</Filter>
    </ClInclude>
    <ClInclude Include="Commands\P4ChangeUpdateCommand.hpp">
      <Filter>Commands</Filter>
    </ClInclude>
    <ClInclude Include="Commands\P4Change.hpp">
      <Filter>Commands</Filter>
    </ClInclude>
    <ClInclude Include="Commands\P4NewChangelistCommand.hpp">
      <Filter>Commands</Filter>
    </ClInclude>
    <ClInclude Include="Commands\P4ChangelistCommand.hpp">
      <Filter>Commands</Filter>
    </ClInclude>
    <ClInclude Include="Commands\P4DeleteChangelistCommand.hpp">
      <Filter>Commands</Filter>
    </ClInclude>
    <ClInclude Include="Commands\P4LoginCommand.hpp">
      <Filter>Commands</Filter>
    </ClInclude>
  </ItemGroup>
  <ItemGroup>
    <Filter Include="Commands">
      <UniqueIdentifier>{800e80d9-7bec-4bb2-9b76-41f2668cc13d}</UniqueIdentifier>
    </Filter>
    <Filter Include="Task">
      <UniqueIdentifier>{f484871b-dc73-40d3-a77e-e5982600a14e}</UniqueIdentifier>
    </Filter>
    <Filter Include="Utils">
      <UniqueIdentifier>{d33e9193-0cd7-4829-a57a-cfd2e07ee7db}</UniqueIdentifier>
    </Filter>
  </ItemGroup>
</Project>